// !$*UTF8*$!
{
	archiveVersion = 1;
	classes = {
	};
	objectVersion = 56;
	objects = {

/* Begin PBXBuildFile section */
		4D72634029BF45E2003D0EA8 /* AppDelegate.swift in Sources */ = {isa = PBXBuildFile; fileRef = 4D72633F29BF45E2003D0EA8 /* AppDelegate.swift */; };
		4D72634229BF45E2003D0EA8 /* SceneDelegate.swift in Sources */ = {isa = PBXBuildFile; fileRef = 4D72634129BF45E2003D0EA8 /* SceneDelegate.swift */; };
		4D72634429BF45E2003D0EA8 /* SplashViewController.swift in Sources */ = {isa = PBXBuildFile; fileRef = 4D72634329BF45E2003D0EA8 /* SplashViewController.swift */; };
		4D72634729BF45E2003D0EA8 /* Main.storyboard in Resources */ = {isa = PBXBuildFile; fileRef = 4D72634529BF45E2003D0EA8 /* Main.storyboard */; };
		4D72634929BF45E2003D0EA8 /* Assets.xcassets in Resources */ = {isa = PBXBuildFile; fileRef = 4D72634829BF45E2003D0EA8 /* Assets.xcassets */; };
		4D72634C29BF45E2003D0EA8 /* LaunchScreen.storyboard in Resources */ = {isa = PBXBuildFile; fileRef = 4D72634A29BF45E2003D0EA8 /* LaunchScreen.storyboard */; };
		4D72635429BF4677003D0EA8 /* IntroViewController.swift in Sources */ = {isa = PBXBuildFile; fileRef = 4D72635329BF4677003D0EA8 /* IntroViewController.swift */; };
		4D72635929BF49C0003D0EA8 /* UserModel.swift in Sources */ = {isa = PBXBuildFile; fileRef = 4D72635829BF49C0003D0EA8 /* UserModel.swift */; };
		4D72635C29BF528A003D0EA8 /* UIView+Extension.swift in Sources */ = {isa = PBXBuildFile; fileRef = 4D72635B29BF528A003D0EA8 /* UIView+Extension.swift */; };
		4D72635F29BF5650003D0EA8 /* IntroCollectionViewCell.swift in Sources */ = {isa = PBXBuildFile; fileRef = 4D72635E29BF5650003D0EA8 /* IntroCollectionViewCell.swift */; };
		4D72636129BF79CA003D0EA8 /* LoginViewController.swift in Sources */ = {isa = PBXBuildFile; fileRef = 4D72636029BF79CA003D0EA8 /* LoginViewController.swift */; };
		4D72636329BFB43D003D0EA8 /* SignupViewController.swift in Sources */ = {isa = PBXBuildFile; fileRef = 4D72636229BFB43D003D0EA8 /* SignupViewController.swift */; };
		4D72636729C08C32003D0EA8 /* HomeViewController.swift in Sources */ = {isa = PBXBuildFile; fileRef = 4D72636629C08C32003D0EA8 /* HomeViewController.swift */; };
		4D72636929C094A5003D0EA8 /* UIViewControllers+Alerts.swift in Sources */ = {isa = PBXBuildFile; fileRef = 4D72636829C094A5003D0EA8 /* UIViewControllers+Alerts.swift */; };
		4D72637229C31ACC003D0EA8 /* ForgotPasswordViewController.swift in Sources */ = {isa = PBXBuildFile; fileRef = 4D72637129C31ACC003D0EA8 /* ForgotPasswordViewController.swift */; };
		4D72637629C3446E003D0EA8 /* DetailsViewController.swift in Sources */ = {isa = PBXBuildFile; fileRef = 4D72637529C3446E003D0EA8 /* DetailsViewController.swift */; };
		4DDA034229DE0A8200934E29 /* TabBarViewController.swift in Sources */ = {isa = PBXBuildFile; fileRef = 4DDA034129DE0A8200934E29 /* TabBarViewController.swift */; };
		4DDA034429DE0AD700934E29 /* LocationViewController.swift in Sources */ = {isa = PBXBuildFile; fileRef = 4DDA034329DE0AD700934E29 /* LocationViewController.swift */; };
		4DDA034629DE0AF100934E29 /* AddExperienceViewController.swift in Sources */ = {isa = PBXBuildFile; fileRef = 4DDA034529DE0AF100934E29 /* AddExperienceViewController.swift */; };
		4DDA034829DE0B0000934E29 /* SettingsViewController.swift in Sources */ = {isa = PBXBuildFile; fileRef = 4DDA034729DE0B0000934E29 /* SettingsViewController.swift */; };
		4DDA034A29DE0B1400934E29 /* ProfileViewController.swift in Sources */ = {isa = PBXBuildFile; fileRef = 4DDA034929DE0B1400934E29 /* ProfileViewController.swift */; };
		4DDA035229DE181D00934E29 /* StateCell.swift in Sources */ = {isa = PBXBuildFile; fileRef = 4DDA035029DE181D00934E29 /* StateCell.swift */; };
		4DDA035329DE181D00934E29 /* StateCell.xib in Resources */ = {isa = PBXBuildFile; fileRef = 4DDA035129DE181D00934E29 /* StateCell.xib */; };
		4DDA035829DE1D4700934E29 /* CityCell.swift in Sources */ = {isa = PBXBuildFile; fileRef = 4DDA035629DE1D4700934E29 /* CityCell.swift */; };
		4DDA035929DE1D4700934E29 /* CityCell.xib in Resources */ = {isa = PBXBuildFile; fileRef = 4DDA035729DE1D4700934E29 /* CityCell.xib */; };
/* End PBXBuildFile section */

/* Begin PBXFileReference section */
		4D72633C29BF45E2003D0EA8 /* App.app */ = {isa = PBXFileReference; explicitFileType = wrapper.application; includeInIndex = 0; path = App.app; sourceTree = BUILT_PRODUCTS_DIR; };
		4D72633F29BF45E2003D0EA8 /* AppDelegate.swift */ = {isa = PBXFileReference; lastKnownFileType = sourcecode.swift; path = AppDelegate.swift; sourceTree = "<group>"; };
		4D72634129BF45E2003D0EA8 /* SceneDelegate.swift */ = {isa = PBXFileReference; lastKnownFileType = sourcecode.swift; path = SceneDelegate.swift; sourceTree = "<group>"; };
		4D72634329BF45E2003D0EA8 /* SplashViewController.swift */ = {isa = PBXFileReference; lastKnownFileType = sourcecode.swift; path = SplashViewController.swift; sourceTree = "<group>"; };
		4D72634629BF45E2003D0EA8 /* Base */ = {isa = PBXFileReference; lastKnownFileType = file.storyboard; name = Base; path = Base.lproj/Main.storyboard; sourceTree = "<group>"; };
		4D72634829BF45E2003D0EA8 /* Assets.xcassets */ = {isa = PBXFileReference; lastKnownFileType = folder.assetcatalog; path = Assets.xcassets; sourceTree = "<group>"; };
		4D72634B29BF45E2003D0EA8 /* Base */ = {isa = PBXFileReference; lastKnownFileType = file.storyboard; name = Base; path = Base.lproj/LaunchScreen.storyboard; sourceTree = "<group>"; };
		4D72634D29BF45E2003D0EA8 /* Info.plist */ = {isa = PBXFileReference; lastKnownFileType = text.plist.xml; path = Info.plist; sourceTree = "<group>"; };
		4D72635329BF4677003D0EA8 /* IntroViewController.swift */ = {isa = PBXFileReference; lastKnownFileType = sourcecode.swift; path = IntroViewController.swift; sourceTree = "<group>"; };
		4D72635829BF49C0003D0EA8 /* UserModel.swift */ = {isa = PBXFileReference; lastKnownFileType = sourcecode.swift; path = UserModel.swift; sourceTree = "<group>"; };
		4D72635B29BF528A003D0EA8 /* UIView+Extension.swift */ = {isa = PBXFileReference; lastKnownFileType = sourcecode.swift; path = "UIView+Extension.swift"; sourceTree = "<group>"; };
		4D72635E29BF5650003D0EA8 /* IntroCollectionViewCell.swift */ = {isa = PBXFileReference; lastKnownFileType = sourcecode.swift; path = IntroCollectionViewCell.swift; sourceTree = "<group>"; };
		4D72636029BF79CA003D0EA8 /* LoginViewController.swift */ = {isa = PBXFileReference; lastKnownFileType = sourcecode.swift; path = LoginViewController.swift; sourceTree = "<group>"; };
		4D72636229BFB43D003D0EA8 /* SignupViewController.swift */ = {isa = PBXFileReference; lastKnownFileType = sourcecode.swift; path = SignupViewController.swift; sourceTree = "<group>"; };
		4D72636629C08C32003D0EA8 /* HomeViewController.swift */ = {isa = PBXFileReference; lastKnownFileType = sourcecode.swift; path = HomeViewController.swift; sourceTree = "<group>"; };
		4D72636829C094A5003D0EA8 /* UIViewControllers+Alerts.swift */ = {isa = PBXFileReference; lastKnownFileType = sourcecode.swift; path = "UIViewControllers+Alerts.swift"; sourceTree = "<group>"; };
		4D72637129C31ACC003D0EA8 /* ForgotPasswordViewController.swift */ = {isa = PBXFileReference; lastKnownFileType = sourcecode.swift; path = ForgotPasswordViewController.swift; sourceTree = "<group>"; };
		4D72637529C3446E003D0EA8 /* DetailsViewController.swift */ = {isa = PBXFileReference; lastKnownFileType = sourcecode.swift; path = DetailsViewController.swift; sourceTree = "<group>"; };
		4DDA034129DE0A8200934E29 /* TabBarViewController.swift */ = {isa = PBXFileReference; lastKnownFileType = sourcecode.swift; path = TabBarViewController.swift; sourceTree = "<group>"; };
		4DDA034329DE0AD700934E29 /* LocationViewController.swift */ = {isa = PBXFileReference; lastKnownFileType = sourcecode.swift; path = LocationViewController.swift; sourceTree = "<group>"; };
		4DDA034529DE0AF100934E29 /* AddExperienceViewController.swift */ = {isa = PBXFileReference; lastKnownFileType = sourcecode.swift; path = AddExperienceViewController.swift; sourceTree = "<group>"; };
		4DDA034729DE0B0000934E29 /* SettingsViewController.swift */ = {isa = PBXFileReference; lastKnownFileType = sourcecode.swift; path = SettingsViewController.swift; sourceTree = "<group>"; };
		4DDA034929DE0B1400934E29 /* ProfileViewController.swift */ = {isa = PBXFileReference; lastKnownFileType = sourcecode.swift; path = ProfileViewController.swift; sourceTree = "<group>"; };
		4DDA035029DE181D00934E29 /* StateCell.swift */ = {isa = PBXFileReference; lastKnownFileType = sourcecode.swift; path = StateCell.swift; sourceTree = "<group>"; };
		4DDA035129DE181D00934E29 /* StateCell.xib */ = {isa = PBXFileReference; lastKnownFileType = file.xib; path = StateCell.xib; sourceTree = "<group>"; };
		4DDA035629DE1D4700934E29 /* CityCell.swift */ = {isa = PBXFileReference; lastKnownFileType = sourcecode.swift; path = CityCell.swift; sourceTree = "<group>"; };
		4DDA035729DE1D4700934E29 /* CityCell.xib */ = {isa = PBXFileReference; lastKnownFileType = file.xib; path = CityCell.xib; sourceTree = "<group>"; };
/* End PBXFileReference section */

/* Begin PBXFrameworksBuildPhase section */
		4D72633929BF45E2003D0EA8 /* Frameworks */ = {
			isa = PBXFrameworksBuildPhase;
			buildActionMask = 2147483647;
			files = (
			);
			runOnlyForDeploymentPostprocessing = 0;
		};
/* End PBXFrameworksBuildPhase section */

/* Begin PBXGroup section */
		4D72633329BF45E2003D0EA8 = {
			isa = PBXGroup;
			children = (
				4D72633E29BF45E2003D0EA8 /* App */,
				4D72633D29BF45E2003D0EA8 /* Products */,
			);
			sourceTree = "<group>";
		};
		4D72633D29BF45E2003D0EA8 /* Products */ = {
			isa = PBXGroup;
			children = (
				4D72633C29BF45E2003D0EA8 /* App.app */,
			);
			name = Products;
			sourceTree = "<group>";
		};
		4D72633E29BF45E2003D0EA8 /* App */ = {
			isa = PBXGroup;
			children = (
				4D72635729BF48A8003D0EA8 /* Model */,
				4D72635629BF48A5003D0EA8 /* View */,
				4D72635529BF48A2003D0EA8 /* Controller */,
				4D72635A29BF5255003D0EA8 /* Extension */,
				4D72633F29BF45E2003D0EA8 /* AppDelegate.swift */,
				4D72634129BF45E2003D0EA8 /* SceneDelegate.swift */,
				4D72634829BF45E2003D0EA8 /* Assets.xcassets */,
				4D72634D29BF45E2003D0EA8 /* Info.plist */,
			);
			path = App;
			sourceTree = "<group>";
		};
		4D72635529BF48A2003D0EA8 /* Controller */ = {
			isa = PBXGroup;
			children = (
				4DDA034929DE0B1400934E29 /* ProfileViewController.swift */,
				4DDA034729DE0B0000934E29 /* SettingsViewController.swift */,
				4DDA034529DE0AF100934E29 /* AddExperienceViewController.swift */,
				4DDA034329DE0AD700934E29 /* LocationViewController.swift */,
				4D72637529C3446E003D0EA8 /* DetailsViewController.swift */,
				4D72636629C08C32003D0EA8 /* HomeViewController.swift */,
				4DDA034129DE0A8200934E29 /* TabBarViewController.swift */,
				4D72636229BFB43D003D0EA8 /* SignupViewController.swift */,
				4D72637129C31ACC003D0EA8 /* ForgotPasswordViewController.swift */,
				4D72636029BF79CA003D0EA8 /* LoginViewController.swift */,
				4D72635D29BF55F9003D0EA8 /* IntroScreen */,
				4D72634329BF45E2003D0EA8 /* SplashViewController.swift */,
			);
			path = Controller;
			sourceTree = "<group>";
		};
		4D72635629BF48A5003D0EA8 /* View */ = {
			isa = PBXGroup;
			children = (
				4DDA034B29DE178300934E29 /* Cell */,
				4D72634A29BF45E2003D0EA8 /* LaunchScreen.storyboard */,
				4D72634529BF45E2003D0EA8 /* Main.storyboard */,
			);
			path = View;
			sourceTree = "<group>";
		};
		4D72635729BF48A8003D0EA8 /* Model */ = {
			isa = PBXGroup;
			children = (
				4D72635829BF49C0003D0EA8 /* UserModel.swift */,
			);
			path = Model;
			sourceTree = "<group>";
		};
		4D72635A29BF5255003D0EA8 /* Extension */ = {
			isa = PBXGroup;
			children = (
				4D72635B29BF528A003D0EA8 /* UIView+Extension.swift */,
				4D72636829C094A5003D0EA8 /* UIViewControllers+Alerts.swift */,
			);
			path = Extension;
			sourceTree = "<group>";
		};
		4D72635D29BF55F9003D0EA8 /* IntroScreen */ = {
			isa = PBXGroup;
			children = (
				4D72635329BF4677003D0EA8 /* IntroViewController.swift */,
				4D72635E29BF5650003D0EA8 /* IntroCollectionViewCell.swift */,
			);
			path = IntroScreen;
			sourceTree = "<group>";
		};
		4DDA034B29DE178300934E29 /* Cell */ = {
			isa = PBXGroup;
			children = (
				4DDA035029DE181D00934E29 /* StateCell.swift */,
				4DDA035129DE181D00934E29 /* StateCell.xib */,
				4DDA035629DE1D4700934E29 /* CityCell.swift */,
				4DDA035729DE1D4700934E29 /* CityCell.xib */,
			);
			path = Cell;
			sourceTree = "<group>";
		};
/* End PBXGroup section */

/* Begin PBXNativeTarget section */
		4D72633B29BF45E2003D0EA8 /* App */ = {
			isa = PBXNativeTarget;
			buildConfigurationList = 4D72635029BF45E2003D0EA8 /* Build configuration list for PBXNativeTarget "App" */;
			buildPhases = (
				4D72633829BF45E2003D0EA8 /* Sources */,
				4D72633929BF45E2003D0EA8 /* Frameworks */,
				4D72633A29BF45E2003D0EA8 /* Resources */,
			);
			buildRules = (
			);
			dependencies = (
			);
			name = App;
			productName = App;
			productReference = 4D72633C29BF45E2003D0EA8 /* App.app */;
			productType = "com.apple.product-type.application";
		};
/* End PBXNativeTarget section */

/* Begin PBXProject section */
		4D72633429BF45E2003D0EA8 /* Project object */ = {
			isa = PBXProject;
			attributes = {
				BuildIndependentTargetsInParallel = 1;
				LastSwiftUpdateCheck = 1430;
				LastUpgradeCheck = 1430;
				TargetAttributes = {
					4D72633B29BF45E2003D0EA8 = {
						CreatedOnToolsVersion = 14.3;
					};
				};
			};
			buildConfigurationList = 4D72633729BF45E2003D0EA8 /* Build configuration list for PBXProject "App" */;
			compatibilityVersion = "Xcode 14.0";
			developmentRegion = en;
			hasScannedForEncodings = 0;
			knownRegions = (
				en,
				Base,
			);
			mainGroup = 4D72633329BF45E2003D0EA8;
			productRefGroup = 4D72633D29BF45E2003D0EA8 /* Products */;
			projectDirPath = "";
			projectRoot = "";
			targets = (
				4D72633B29BF45E2003D0EA8 /* App */,
			);
		};
/* End PBXProject section */

/* Begin PBXResourcesBuildPhase section */
		4D72633A29BF45E2003D0EA8 /* Resources */ = {
			isa = PBXResourcesBuildPhase;
			buildActionMask = 2147483647;
			files = (
				4D72634C29BF45E2003D0EA8 /* LaunchScreen.storyboard in Resources */,
				4DDA035329DE181D00934E29 /* StateCell.xib in Resources */,
				4D72634929BF45E2003D0EA8 /* Assets.xcassets in Resources */,
				4DDA035929DE1D4700934E29 /* CityCell.xib in Resources */,
				4D72634729BF45E2003D0EA8 /* Main.storyboard in Resources */,
			);
			runOnlyForDeploymentPostprocessing = 0;
		};
/* End PBXResourcesBuildPhase section */

/* Begin PBXSourcesBuildPhase section */
		4D72633829BF45E2003D0EA8 /* Sources */ = {
			isa = PBXSourcesBuildPhase;
			buildActionMask = 2147483647;
			files = (
				4D72636329BFB43D003D0EA8 /* SignupViewController.swift in Sources */,
				4D72635C29BF528A003D0EA8 /* UIView+Extension.swift in Sources */,
				4D72634429BF45E2003D0EA8 /* SplashViewController.swift in Sources */,
				4D72634029BF45E2003D0EA8 /* AppDelegate.swift in Sources */,
				4D72634229BF45E2003D0EA8 /* SceneDelegate.swift in Sources */,
				4DDA035229DE181D00934E29 /* StateCell.swift in Sources */,
				4DDA034629DE0AF100934E29 /* AddExperienceViewController.swift in Sources */,
				4D72636129BF79CA003D0EA8 /* LoginViewController.swift in Sources */,
				4D72636729C08C32003D0EA8 /* HomeViewController.swift in Sources */,
				4DDA034A29DE0B1400934E29 /* ProfileViewController.swift in Sources */,
				4D72635F29BF5650003D0EA8 /* IntroCollectionViewCell.swift in Sources */,
				4D72637229C31ACC003D0EA8 /* ForgotPasswordViewController.swift in Sources */,
				4DDA035829DE1D4700934E29 /* CityCell.swift in Sources */,
				4D72635929BF49C0003D0EA8 /* UserModel.swift in Sources */,
				4D72637629C3446E003D0EA8 /* DetailsViewController.swift in Sources */,
				4D72635429BF4677003D0EA8 /* IntroViewController.swift in Sources */,
				4DDA034229DE0A8200934E29 /* TabBarViewController.swift in Sources */,
				4D72636929C094A5003D0EA8 /* UIViewControllers+Alerts.swift in Sources */,
				4DDA034429DE0AD700934E29 /* LocationViewController.swift in Sources */,
				4DDA034829DE0B0000934E29 /* SettingsViewController.swift in Sources */,
			);
			runOnlyForDeploymentPostprocessing = 0;
		};
/* End PBXSourcesBuildPhase section */

/* Begin PBXVariantGroup section */
		4D72634529BF45E2003D0EA8 /* Main.storyboard */ = {
			isa = PBXVariantGroup;
			children = (
				4D72634629BF45E2003D0EA8 /* Base */,
			);
			name = Main.storyboard;
			sourceTree = "<group>";
		};
		4D72634A29BF45E2003D0EA8 /* LaunchScreen.storyboard */ = {
			isa = PBXVariantGroup;
			children = (
				4D72634B29BF45E2003D0EA8 /* Base */,
			);
			name = LaunchScreen.storyboard;
			sourceTree = "<group>";
		};
/* End PBXVariantGroup section */

/* Begin XCBuildConfiguration section */
		4D72634E29BF45E2003D0EA8 /* Debug */ = {
			isa = XCBuildConfiguration;
			buildSettings = {
				ALWAYS_SEARCH_USER_PATHS = NO;
				CLANG_ANALYZER_NONNULL = YES;
				CLANG_ANALYZER_NUMBER_OBJECT_CONVERSION = YES_AGGRESSIVE;
				CLANG_CXX_LANGUAGE_STANDARD = "gnu++20";
				CLANG_ENABLE_MODULES = YES;
				CLANG_ENABLE_OBJC_ARC = YES;
				CLANG_ENABLE_OBJC_WEAK = YES;
				CLANG_WARN_BLOCK_CAPTURE_AUTORELEASING = YES;
				CLANG_WARN_BOOL_CONVERSION = YES;
				CLANG_WARN_COMMA = YES;
				CLANG_WARN_CONSTANT_CONVERSION = YES;
				CLANG_WARN_DEPRECATED_OBJC_IMPLEMENTATIONS = YES;
				CLANG_WARN_DIRECT_OBJC_ISA_USAGE = YES_ERROR;
				CLANG_WARN_DOCUMENTATION_COMMENTS = YES;
				CLANG_WARN_EMPTY_BODY = YES;
				CLANG_WARN_ENUM_CONVERSION = YES;
				CLANG_WARN_INFINITE_RECURSION = YES;
				CLANG_WARN_INT_CONVERSION = YES;
				CLANG_WARN_NON_LITERAL_NULL_CONVERSION = YES;
				CLANG_WARN_OBJC_IMPLICIT_RETAIN_SELF = YES;
				CLANG_WARN_OBJC_LITERAL_CONVERSION = YES;
				CLANG_WARN_OBJC_ROOT_CLASS = YES_ERROR;
				CLANG_WARN_QUOTED_INCLUDE_IN_FRAMEWORK_HEADER = YES;
				CLANG_WARN_RANGE_LOOP_ANALYSIS = YES;
				CLANG_WARN_STRICT_PROTOTYPES = YES;
				CLANG_WARN_SUSPICIOUS_MOVE = YES;
				CLANG_WARN_UNGUARDED_AVAILABILITY = YES_AGGRESSIVE;
				CLANG_WARN_UNREACHABLE_CODE = YES;
				CLANG_WARN__DUPLICATE_METHOD_MATCH = YES;
				COPY_PHASE_STRIP = NO;
				DEBUG_INFORMATION_FORMAT = dwarf;
				ENABLE_STRICT_OBJC_MSGSEND = YES;
				ENABLE_TESTABILITY = YES;
				GCC_C_LANGUAGE_STANDARD = gnu11;
				GCC_DYNAMIC_NO_PIC = NO;
				GCC_NO_COMMON_BLOCKS = YES;
				GCC_OPTIMIZATION_LEVEL = 0;
				GCC_PREPROCESSOR_DEFINITIONS = (
					"DEBUG=1",
					"$(inherited)",
				);
				GCC_WARN_64_TO_32_BIT_CONVERSION = YES;
				GCC_WARN_ABOUT_RETURN_TYPE = YES_ERROR;
				GCC_WARN_UNDECLARED_SELECTOR = YES;
				GCC_WARN_UNINITIALIZED_AUTOS = YES_AGGRESSIVE;
				GCC_WARN_UNUSED_FUNCTION = YES;
				GCC_WARN_UNUSED_VARIABLE = YES;
				IPHONEOS_DEPLOYMENT_TARGET = 16.4;
				MTL_ENABLE_DEBUG_INFO = INCLUDE_SOURCE;
				MTL_FAST_MATH = YES;
				ONLY_ACTIVE_ARCH = YES;
				SDKROOT = iphoneos;
				SWIFT_ACTIVE_COMPILATION_CONDITIONS = DEBUG;
				SWIFT_OPTIMIZATION_LEVEL = "-Onone";
			};
			name = Debug;
		};
		4D72634F29BF45E2003D0EA8 /* Release */ = {
			isa = XCBuildConfiguration;
			buildSettings = {
				ALWAYS_SEARCH_USER_PATHS = NO;
				CLANG_ANALYZER_NONNULL = YES;
				CLANG_ANALYZER_NUMBER_OBJECT_CONVERSION = YES_AGGRESSIVE;
				CLANG_CXX_LANGUAGE_STANDARD = "gnu++20";
				CLANG_ENABLE_MODULES = YES;
				CLANG_ENABLE_OBJC_ARC = YES;
				CLANG_ENABLE_OBJC_WEAK = YES;
				CLANG_WARN_BLOCK_CAPTURE_AUTORELEASING = YES;
				CLANG_WARN_BOOL_CONVERSION = YES;
				CLANG_WARN_COMMA = YES;
				CLANG_WARN_CONSTANT_CONVERSION = YES;
				CLANG_WARN_DEPRECATED_OBJC_IMPLEMENTATIONS = YES;
				CLANG_WARN_DIRECT_OBJC_ISA_USAGE = YES_ERROR;
				CLANG_WARN_DOCUMENTATION_COMMENTS = YES;
				CLANG_WARN_EMPTY_BODY = YES;
				CLANG_WARN_ENUM_CONVERSION = YES;
				CLANG_WARN_INFINITE_RECURSION = YES;
				CLANG_WARN_INT_CONVERSION = YES;
				CLANG_WARN_NON_LITERAL_NULL_CONVERSION = YES;
				CLANG_WARN_OBJC_IMPLICIT_RETAIN_SELF = YES;
				CLANG_WARN_OBJC_LITERAL_CONVERSION = YES;
				CLANG_WARN_OBJC_ROOT_CLASS = YES_ERROR;
				CLANG_WARN_QUOTED_INCLUDE_IN_FRAMEWORK_HEADER = YES;
				CLANG_WARN_RANGE_LOOP_ANALYSIS = YES;
				CLANG_WARN_STRICT_PROTOTYPES = YES;
				CLANG_WARN_SUSPICIOUS_MOVE = YES;
				CLANG_WARN_UNGUARDED_AVAILABILITY = YES_AGGRESSIVE;
				CLANG_WARN_UNREACHABLE_CODE = YES;
				CLANG_WARN__DUPLICATE_METHOD_MATCH = YES;
				COPY_PHASE_STRIP = NO;
				DEBUG_INFORMATION_FORMAT = "dwarf-with-dsym";
				ENABLE_NS_ASSERTIONS = NO;
				ENABLE_STRICT_OBJC_MSGSEND = YES;
				GCC_C_LANGUAGE_STANDARD = gnu11;
				GCC_NO_COMMON_BLOCKS = YES;
				GCC_WARN_64_TO_32_BIT_CONVERSION = YES;
				GCC_WARN_ABOUT_RETURN_TYPE = YES_ERROR;
				GCC_WARN_UNDECLARED_SELECTOR = YES;
				GCC_WARN_UNINITIALIZED_AUTOS = YES_AGGRESSIVE;
				GCC_WARN_UNUSED_FUNCTION = YES;
				GCC_WARN_UNUSED_VARIABLE = YES;
				IPHONEOS_DEPLOYMENT_TARGET = 16.4;
				MTL_ENABLE_DEBUG_INFO = NO;
				MTL_FAST_MATH = YES;
				SDKROOT = iphoneos;
				SWIFT_COMPILATION_MODE = wholemodule;
				SWIFT_OPTIMIZATION_LEVEL = "-O";
				VALIDATE_PRODUCT = YES;
			};
			name = Release;
		};
		4D72635129BF45E2003D0EA8 /* Debug */ = {
			isa = XCBuildConfiguration;
			buildSettings = {
				ASSETCATALOG_COMPILER_APPICON_NAME = AppIcon;
				ASSETCATALOG_COMPILER_GLOBAL_ACCENT_COLOR_NAME = AccentColor;
				CODE_SIGN_STYLE = Automatic;
				CURRENT_PROJECT_VERSION = 1;
				GENERATE_INFOPLIST_FILE = YES;
				INFOPLIST_FILE = App/Info.plist;
				INFOPLIST_KEY_UIApplicationSupportsIndirectInputEvents = YES;
				INFOPLIST_KEY_UILaunchStoryboardName = LaunchScreen;
				INFOPLIST_KEY_UIMainStoryboardFile = Main;
				INFOPLIST_KEY_UISupportedInterfaceOrientations_iPad = "UIInterfaceOrientationPortrait UIInterfaceOrientationPortraitUpsideDown UIInterfaceOrientationLandscapeLeft UIInterfaceOrientationLandscapeRight";
				INFOPLIST_KEY_UISupportedInterfaceOrientations_iPhone = "UIInterfaceOrientationPortrait UIInterfaceOrientationLandscapeLeft UIInterfaceOrientationLandscapeRight";
				LD_RUNPATH_SEARCH_PATHS = (
					"$(inherited)",
					"@executable_path/Frameworks",
				);
				MARKETING_VERSION = 1.0;
				PRODUCT_BUNDLE_IDENTIFIER = com.agnesaselimi.App;
				PRODUCT_NAME = "$(TARGET_NAME)";
				SWIFT_EMIT_LOC_STRINGS = YES;
				SWIFT_VERSION = 5.0;
				TARGETED_DEVICE_FAMILY = "1,2";
			};
			name = Debug;
		};
		4D72635229BF45E2003D0EA8 /* Release */ = {
			isa = XCBuildConfiguration;
			buildSettings = {
				ASSETCATALOG_COMPILER_APPICON_NAME = AppIcon;
				ASSETCATALOG_COMPILER_GLOBAL_ACCENT_COLOR_NAME = AccentColor;
				CODE_SIGN_STYLE = Automatic;
				CURRENT_PROJECT_VERSION = 1;
				GENERATE_INFOPLIST_FILE = YES;
				INFOPLIST_FILE = App/Info.plist;
				INFOPLIST_KEY_UIApplicationSupportsIndirectInputEvents = YES;
				INFOPLIST_KEY_UILaunchStoryboardName = LaunchScreen;
				INFOPLIST_KEY_UIMainStoryboardFile = Main;
				INFOPLIST_KEY_UISupportedInterfaceOrientations_iPad = "UIInterfaceOrientationPortrait UIInterfaceOrientationPortraitUpsideDown UIInterfaceOrientationLandscapeLeft UIInterfaceOrientationLandscapeRight";
				INFOPLIST_KEY_UISupportedInterfaceOrientations_iPhone = "UIInterfaceOrientationPortrait UIInterfaceOrientationLandscapeLeft UIInterfaceOrientationLandscapeRight";
				LD_RUNPATH_SEARCH_PATHS = (
					"$(inherited)",
					"@executable_path/Frameworks",
				);
				MARKETING_VERSION = 1.0;
				PRODUCT_BUNDLE_IDENTIFIER = com.agnesaselimi.App;
				PRODUCT_NAME = "$(TARGET_NAME)";
				SWIFT_EMIT_LOC_STRINGS = YES;
				SWIFT_VERSION = 5.0;
				TARGETED_DEVICE_FAMILY = "1,2";
			};
			name = Release;
		};
/* End XCBuildConfiguration section */

/* Begin XCConfigurationList section */
		4D72633729BF45E2003D0EA8 /* Build configuration list for PBXProject "App" */ = {
			isa = XCConfigurationList;
			buildConfigurations = (
				4D72634E29BF45E2003D0EA8 /* Debug */,
				4D72634F29BF45E2003D0EA8 /* Release */,
			);
			defaultConfigurationIsVisible = 0;
			defaultConfigurationName = Release;
		};
		4D72635029BF45E2003D0EA8 /* Build configuration list for PBXNativeTarget "App" */ = {
			isa = XCConfigurationList;
			buildConfigurations = (
				4D72635129BF45E2003D0EA8 /* Debug */,
				4D72635229BF45E2003D0EA8 /* Release */,
			);
			defaultConfigurationIsVisible = 0;
			defaultConfigurationName = Release;
		};
/* End XCConfigurationList section */
	};
	rootObject = 4D72633429BF45E2003D0EA8 /* Project object */;
}
